{
  "name": "app",
  "version": "1.0.0",
  "lockfileVersion": 1,
  "requires": true,
  "dependencies": {
    "js-md5": {
      "version": "0.7.3",
      "resolved": "https://registry.npmjs.org/js-md5/-/js-md5-0.7.3.tgz",
      "integrity": "sha512-ZC41vPSTLKGwIRjqDh8DfXoCrdQIyBgspJVPXHBGu4nZlAEvG3nf+jO9avM9RmLiGakg7vz974ms99nEV0tmTQ=="
    },
    "tim-upload-plugin": {
      "version": "1.0.3",
      "resolved": "https://registry.npmjs.org/tim-upload-plugin/-/tim-upload-plugin-1.0.3.tgz",
      "integrity": "sha512-cbPhPKI5Q+VP4R8dAlNo0H/KE/zZ89y91Jqz8eIRxNfg2tfGjfNjWilGhlt4eik9R5Dw2Vmc5QyiNKZ6z0r/Fw=="
    },
    "tim-wx-sdk": {
      "version": "2.13.1",
      "resolved": "https://registry.npmjs.org/tim-wx-sdk/-/tim-wx-sdk-2.13.1.tgz",
      "integrity": "sha512-ltbRz/gLvbPaEdohv/LwTEnz9/CExfIzhmEZAk5y2hOHL5ZwRtg1L7aCqJwU6punJ0rABWRhQPZYjwT/z9RmvA=="
    }
  }
}
